
Microsoft Visual Studio Solution File, Format Version 12.00
# Visual Studio Version 17
VisualStudioVersion = 17.7.34031.279
MinimumVisualStudioVersion = 10.0.40219.1
Project("{888888A0-9F3D-457C-B088-3A5042F75D52}") = "Sranb_bot", "Sranb_bot.pyproj", "{B856B59D-3EF5-4531-B888-1212B0AA7C86}"
EndProject
Global
	GlobalSection(SolutionConfigurationPlatforms) = preSolution
		Debug|Any CPU = Debug|Any CPU
		Release|Any CPU = Release|Any CPU
	EndGlobalSection
	GlobalSection(ProjectConfigurationPlatforms) = postSolution
		{B856B59D-3EF5-4531-B888-1212B0AA7C86}.Debug|Any CPU.ActiveCfg = Debug|Any CPU
		{B856B59D-3EF5-4531-B888-1212B0AA7C86}.Release|Any CPU.ActiveCfg = Release|Any CPU
	EndGlobalSection
	GlobalSection(SolutionProperties) = preSolution
		HideSolutionNode = FALSE
	EndGlobalSection
	GlobalSection(ExtensibilityGlobals) = postSolution
		SolutionGuid = {95DAF81A-C088-496B-98B1-DA2FAB4F382F}
	EndGlobalSection
EndGlobal
